
Microsoft Visual Studio Solution File, Format Version 12.00
# Visual Studio 15
Project("{FAE04EC0-301F-11D3-BF4B-00C04F79EFBC}") = "Assembly-CSharp", "Assembly-CSharp.csproj", "{91ACA475-44E3-9ED9-4476-E2AA9B24D8EE}"
EndProject
Project("{FAE04EC0-301F-11D3-BF4B-00C04F79EFBC}") = "Assembly-CSharp-Editor", "Assembly-CSharp-Editor.csproj", "{D526F3C6-527D-23B4-55C8-6CB92EF28D5A}"
EndProject
Global
	GlobalSection(SolutionConfigurationPlatforms) = preSolution
		Debug|Any CPU = Debug|Any CPU
		Release|Any CPU = Release|Any CPU
	EndGlobalSection
	GlobalSection(ProjectConfigurationPlatforms) = postSolution
		{91ACA475-44E3-9ED9-4476-E2AA9B24D8EE}.Debug|Any CPU.ActiveCfg = Debug|Any CPU
		{91ACA475-44E3-9ED9-4476-E2AA9B24D8EE}.Debug|Any CPU.Build.0 = Debug|Any CPU
		{91ACA475-44E3-9ED9-4476-E2AA9B24D8EE}.Release|Any CPU.ActiveCfg = Release|Any CPU
		{91ACA475-44E3-9ED9-4476-E2AA9B24D8EE}.Release|Any CPU.Build.0 = Release|Any CPU
		{D526F3C6-527D-23B4-55C8-6CB92EF28D5A}.Debug|Any CPU.ActiveCfg = Debug|Any CPU
		{D526F3C6-527D-23B4-55C8-6CB92EF28D5A}.Debug|Any CPU.Build.0 = Debug|Any CPU
		{D526F3C6-527D-23B4-55C8-6CB92EF28D5A}.Release|Any CPU.ActiveCfg = Release|Any CPU
		{D526F3C6-527D-23B4-55C8-6CB92EF28D5A}.Release|Any CPU.Build.0 = Release|Any CPU
	EndGlobalSection
	GlobalSection(SolutionProperties) = preSolution
		HideSolutionNode = FALSE
	EndGlobalSection
EndGlobal
