
Microsoft Visual Studio Solution File, Format Version 12.00
# Visual Studio 15
Project("{FAE04EC0-301F-11D3-BF4B-00C04F79EFBC}") = "ProyectoVideoJUegos-master", "Assembly-CSharp.csproj", "{50058DE7-9D68-BB14-A588-434606B8CF9B}"
EndProject
Project("{FAE04EC0-301F-11D3-BF4B-00C04F79EFBC}") = "ProyectoVideoJUegos-master", "Assembly-CSharp-Editor.csproj", "{9AD49310-08D6-3650-6270-6DA851A942C3}"
EndProject
Global
	GlobalSection(SolutionConfigurationPlatforms) = preSolution
		Debug|Any CPU = Debug|Any CPU
		Release|Any CPU = Release|Any CPU
	EndGlobalSection
	GlobalSection(ProjectConfigurationPlatforms) = postSolution
		{50058DE7-9D68-BB14-A588-434606B8CF9B}.Debug|Any CPU.ActiveCfg = Debug|Any CPU
		{50058DE7-9D68-BB14-A588-434606B8CF9B}.Debug|Any CPU.Build.0 = Debug|Any CPU
		{50058DE7-9D68-BB14-A588-434606B8CF9B}.Release|Any CPU.ActiveCfg = Release|Any CPU
		{50058DE7-9D68-BB14-A588-434606B8CF9B}.Release|Any CPU.Build.0 = Release|Any CPU
		{9AD49310-08D6-3650-6270-6DA851A942C3}.Debug|Any CPU.ActiveCfg = Debug|Any CPU
		{9AD49310-08D6-3650-6270-6DA851A942C3}.Debug|Any CPU.Build.0 = Debug|Any CPU
		{9AD49310-08D6-3650-6270-6DA851A942C3}.Release|Any CPU.ActiveCfg = Release|Any CPU
		{9AD49310-08D6-3650-6270-6DA851A942C3}.Release|Any CPU.Build.0 = Release|Any CPU
	EndGlobalSection
	GlobalSection(SolutionProperties) = preSolution
		HideSolutionNode = FALSE
	EndGlobalSection
EndGlobal
